
Microsoft Visual Studio Solution File, Format Version 12.00
# Visual Studio Version 16
VisualStudioVersion = 16.0.28621.142
MinimumVisualStudioVersion = 10.0.40219.1
Project("{9A19103F-16F7-4668-BE54-9A1E7A4F7556}") = "LotterySharper", "LotterySharperConsole\LotterySharper.csproj", "{9DCB6747-5B35-48C0-B9D7-4AE981D1B534}"
EndProject
Project("{9A19103F-16F7-4668-BE54-9A1E7A4F7556}") = "LotterySharperAPI", "LotterySharperAPI\LotterySharperAPI.csproj", "{8F5F46A4-1A0E-4F2E-9465-877529985282}"
EndProject
Project("{9A19103F-16F7-4668-BE54-9A1E7A4F7556}") = "LotterySharperBlazorBackup", "LotterySharperBlazorBackup\LotterySharperBlazorBackup.csproj", "{4A47010F-7270-4F72-87BC-2EEE38F492E9}"
EndProject
Project("{9A19103F-16F7-4668-BE54-9A1E7A4F7556}") = "LotterySharperBlazorServer", "LotterySharperBlazorServer\LotterySharperBlazorServer.csproj", "{72F7B59E-4A14-4387-BB93-9C66A4AF3B14}"
EndProject
Project("{9A19103F-16F7-4668-BE54-9A1E7A4F7556}") = "BlazorTable", "..\BlazorTable-master\src\BlazorTable\BlazorTable.csproj", "{9B988942-7C1C-4133-A0C0-1108FC186489}"
EndProject
Global
	GlobalSection(SolutionConfigurationPlatforms) = preSolution
		Debug|Any CPU = Debug|Any CPU
		Release|Any CPU = Release|Any CPU
	EndGlobalSection
	GlobalSection(ProjectConfigurationPlatforms) = postSolution
		{9DCB6747-5B35-48C0-B9D7-4AE981D1B534}.Debug|Any CPU.ActiveCfg = Debug|Any CPU
		{9DCB6747-5B35-48C0-B9D7-4AE981D1B534}.Debug|Any CPU.Build.0 = Debug|Any CPU
		{9DCB6747-5B35-48C0-B9D7-4AE981D1B534}.Release|Any CPU.ActiveCfg = Release|Any CPU
		{9DCB6747-5B35-48C0-B9D7-4AE981D1B534}.Release|Any CPU.Build.0 = Release|Any CPU
		{8F5F46A4-1A0E-4F2E-9465-877529985282}.Debug|Any CPU.ActiveCfg = Debug|Any CPU
		{8F5F46A4-1A0E-4F2E-9465-877529985282}.Debug|Any CPU.Build.0 = Debug|Any CPU
		{8F5F46A4-1A0E-4F2E-9465-877529985282}.Release|Any CPU.ActiveCfg = Release|Any CPU
		{8F5F46A4-1A0E-4F2E-9465-877529985282}.Release|Any CPU.Build.0 = Release|Any CPU
		{4A47010F-7270-4F72-87BC-2EEE38F492E9}.Debug|Any CPU.ActiveCfg = Debug|Any CPU
		{4A47010F-7270-4F72-87BC-2EEE38F492E9}.Debug|Any CPU.Build.0 = Debug|Any CPU
		{4A47010F-7270-4F72-87BC-2EEE38F492E9}.Release|Any CPU.ActiveCfg = Release|Any CPU
		{4A47010F-7270-4F72-87BC-2EEE38F492E9}.Release|Any CPU.Build.0 = Release|Any CPU
		{72F7B59E-4A14-4387-BB93-9C66A4AF3B14}.Debug|Any CPU.ActiveCfg = Debug|Any CPU
		{72F7B59E-4A14-4387-BB93-9C66A4AF3B14}.Debug|Any CPU.Build.0 = Debug|Any CPU
		{72F7B59E-4A14-4387-BB93-9C66A4AF3B14}.Release|Any CPU.ActiveCfg = Release|Any CPU
		{72F7B59E-4A14-4387-BB93-9C66A4AF3B14}.Release|Any CPU.Build.0 = Release|Any CPU
		{9B988942-7C1C-4133-A0C0-1108FC186489}.Debug|Any CPU.ActiveCfg = Debug|Any CPU
		{9B988942-7C1C-4133-A0C0-1108FC186489}.Debug|Any CPU.Build.0 = Debug|Any CPU
		{9B988942-7C1C-4133-A0C0-1108FC186489}.Release|Any CPU.ActiveCfg = Release|Any CPU
		{9B988942-7C1C-4133-A0C0-1108FC186489}.Release|Any CPU.Build.0 = Release|Any CPU
	EndGlobalSection
	GlobalSection(SolutionProperties) = preSolution
		HideSolutionNode = FALSE
	EndGlobalSection
	GlobalSection(ExtensibilityGlobals) = postSolution
		SolutionGuid = {335F21BA-50BD-465C-88BD-F97908909453}
	EndGlobalSection
EndGlobal
