
Microsoft Visual Studio Solution File, Format Version 12.00
# Visual Studio Version 16
VisualStudioVersion = 16.0.28621.142
MinimumVisualStudioVersion = 10.0.40219.1
Project("{9A19103F-16F7-4668-BE54-9A1E7A4F7556}") = "LotterySharper", "LotterySharper.csproj", "{C7755000-E491-479B-B57A-42D7DA70B24C}"
EndProject
Global
	GlobalSection(SolutionConfigurationPlatforms) = preSolution
		Debug|Any CPU = Debug|Any CPU
		Release|Any CPU = Release|Any CPU
	EndGlobalSection
	GlobalSection(ProjectConfigurationPlatforms) = postSolution
		{C7755000-E491-479B-B57A-42D7DA70B24C}.Debug|Any CPU.ActiveCfg = Debug|Any CPU
		{C7755000-E491-479B-B57A-42D7DA70B24C}.Debug|Any CPU.Build.0 = Debug|Any CPU
		{C7755000-E491-479B-B57A-42D7DA70B24C}.Release|Any CPU.ActiveCfg = Release|Any CPU
		{C7755000-E491-479B-B57A-42D7DA70B24C}.Release|Any CPU.Build.0 = Release|Any CPU
	EndGlobalSection
	GlobalSection(SolutionProperties) = preSolution
		HideSolutionNode = FALSE
	EndGlobalSection
	GlobalSection(ExtensibilityGlobals) = postSolution
		SolutionGuid = {335F21BA-50BD-465C-88BD-F97908909453}
	EndGlobalSection
EndGlobal
